
Microsoft Visual Studio Solution File, Format Version 12.00
# Visual Studio 15
VisualStudioVersion = 15.0.28307.1209
MinimumVisualStudioVersion = 10.0.40219.1
Project("{FAE04EC0-301F-11D3-BF4B-00C04F79EFBC}") = "ATBM191-09-UI", "ATBM191-09-UI\ATBM191-09-UI.csproj", "{94040158-043A-49D0-9DC1-E9932B6DD558}"
EndProject
Global
	GlobalSection(SolutionConfigurationPlatforms) = preSolution
		Debug|Any CPU = Debug|Any CPU
		Release|Any CPU = Release|Any CPU
	EndGlobalSection
	GlobalSection(ProjectConfigurationPlatforms) = postSolution
		{94040158-043A-49D0-9DC1-E9932B6DD558}.Debug|Any CPU.ActiveCfg = Debug|Any CPU
		{94040158-043A-49D0-9DC1-E9932B6DD558}.Debug|Any CPU.Build.0 = Debug|Any CPU
		{94040158-043A-49D0-9DC1-E9932B6DD558}.Release|Any CPU.ActiveCfg = Release|Any CPU
		{94040158-043A-49D0-9DC1-E9932B6DD558}.Release|Any CPU.Build.0 = Release|Any CPU
	EndGlobalSection
	GlobalSection(SolutionProperties) = preSolution
		HideSolutionNode = FALSE
	EndGlobalSection
	GlobalSection(ExtensibilityGlobals) = postSolution
		SolutionGuid = {8F652DE6-9FB4-43C4-8B55-BAF8A818BE89}
	EndGlobalSection
EndGlobal
